{
  "name": "npm",
  "version": "1.0.0",
  "lockfileVersion": 3,
  "requires": true,
  "packages": {
    "": {
      "name": "npm",
      "version": "1.0.0",
      "license": "ISC",
      "dependencies": {
        "@types/ragemp-c": "https://github.com/CocaColaBear/types-ragemp-c/tarball/master"
      }
    },
    "node_modules/@types/ragemp-c": {
      "version": "0.0.22",
      "resolved": "https://github.com/CocaColaBear/types-ragemp-c/tarball/master",
      "integrity": "sha512-jjJH+v8mT4So1ybEMlMKszqAXvXWpNbS1vY5zvNtYWrG2ZNFnkRz2PEPTqlwLHrPG2yXlDtmBufGufuFaa7Hzw==",
      "license": "MIT"
    }
  }
}
